
Microsoft Visual Studio Solution File, Format Version 12.00
# Visual Studio Version 17
VisualStudioVersion = 17.11.35327.3
MinimumVisualStudioVersion = 10.0.40219.1
Project("{8BC9CEB8-8B4A-11D0-8D11-00A0C91BC942}") = "しぇあーどりーる？？？？", "しぇあーどりーる？？？？.vcxproj", "{8A541E66-E72D-4E18-8FD3-F24C5DDB5CAD}"
EndProject
Global
	GlobalSection(SolutionConfigurationPlatforms) = preSolution
		Debug|x64 = Debug|x64
		Debug|x86 = Debug|x86
		Release|x64 = Release|x64
		Release|x86 = Release|x86
	EndGlobalSection
	GlobalSection(ProjectConfigurationPlatforms) = postSolution
		{8A541E66-E72D-4E18-8FD3-F24C5DDB5CAD}.Debug|x64.ActiveCfg = Debug|x64
		{8A541E66-E72D-4E18-8FD3-F24C5DDB5CAD}.Debug|x64.Build.0 = Debug|x64
		{8A541E66-E72D-4E18-8FD3-F24C5DDB5CAD}.Debug|x86.ActiveCfg = Debug|Win32
		{8A541E66-E72D-4E18-8FD3-F24C5DDB5CAD}.Debug|x86.Build.0 = Debug|Win32
		{8A541E66-E72D-4E18-8FD3-F24C5DDB5CAD}.Release|x64.ActiveCfg = Release|x64
		{8A541E66-E72D-4E18-8FD3-F24C5DDB5CAD}.Release|x64.Build.0 = Release|x64
		{8A541E66-E72D-4E18-8FD3-F24C5DDB5CAD}.Release|x86.ActiveCfg = Release|Win32
		{8A541E66-E72D-4E18-8FD3-F24C5DDB5CAD}.Release|x86.Build.0 = Release|Win32
	EndGlobalSection
	GlobalSection(SolutionProperties) = preSolution
		HideSolutionNode = FALSE
	EndGlobalSection
	GlobalSection(ExtensibilityGlobals) = postSolution
		SolutionGuid = {CA69E681-1B9F-4AF2-A045-E1CC5D9AF5DC}
	EndGlobalSection
EndGlobal
